version = 1
revision = 3
requires-python = "==3.11.9"
resolution-markers = [
    "sys_platform == 'win32'",
    "sys_platform == 'emscripten'",
    "sys_platform != 'emscripten' and sys_platform != 'win32'",
]

[[package]]
name = "flood-sos-app-mobile"
version = "0.1.0"
source = { virtual = "." }
dependencies = [
    { name = "joblib" },
    { name = "lightgbm" },
    { name = "m2cgen" },
    { name = "pandas" },
    { name = "scikit-learn" },
    { name = "scipy" },
]

[package.metadata]
requires-dist = [
    { name = "joblib", specifier = ">=1.5.3" },
    { name = "lightgbm", specifier = ">=4.6.0" },
    { name = "m2cgen", specifier = ">=0.10.0" },
    { name = "pandas", specifier = ">=3.0.1" },
    { name = "scikit-learn", specifier = ">=1.8.0" },
    { name = "scipy", specifier = ">=1.17.1" },
]

[[package]]
name = "joblib"
version = "1.5.3"
source = { registry = "https://pypi.org/simple" }
sdist = { url = "https://files.pythonhosted.org/packages/41/f2/d34e8b3a08a9cc79a50b2208a93dce981fe615b64d5a4d4abee421d898df/joblib-1.5.3.tar.gz", hash = "sha256:8561a3269e6801106863fd0d6d84bb737be9e7631e33aaed3fb9ce5953688da3", size = 331603, upload-time = "2025-12-15T08:41:46.427Z" }
wheels = [
    { url = "https://files.pythonhosted.org/packages/7b/91/984aca2ec129e2757d1e4e3c81c3fcda9d0f85b74670a094cc443d9ee949/joblib-1.5.3-py3-none-any.whl", hash = "sha256:5fc3c5039fc5ca8c0276333a188bbd59d6b7ab37fe6632daa76bc7f9ec18e713", size = 309071, upload-time = "2025-12-15T08:41:44.973Z" },
]

[[package]]
name = "lightgbm"
version = "4.6.0"
source = { registry = "https://pypi.org/simple" }
dependencies = [
    { name = "numpy" },
    { name = "scipy" },
]
sdist = { url = "https://files.pythonhosted.org/packages/68/0b/a2e9f5c5da7ef047cc60cef37f86185088845e8433e54d2e7ed439cce8a3/lightgbm-4.6.0.tar.gz", hash = "sha256:cb1c59720eb569389c0ba74d14f52351b573af489f230032a1c9f314f8bab7fe", size = 1703705, upload-time = "2025-02-15T04:03:03.111Z" }
wheels = [
    { url = "https://files.pythonhosted.org/packages/f2/75/cffc9962cca296bc5536896b7e65b4a7cdeb8db208e71b9c0133c08f8f7e/lightgbm-4.6.0-py3-none-macosx_10_15_x86_64.whl", hash = "sha256:b7a393de8a334d5c8e490df91270f0763f83f959574d504c7ccb9eee4aef70ed", size = 2010151, upload-time = "2025-02-15T04:02:50.961Z" },
    { url = "https://files.pythonhosted.org/packages/21/1b/550ee378512b78847930f5d74228ca1fdba2a7fbdeaac9aeccc085b0e257/lightgbm-4.6.0-py3-none-macosx_12_0_arm64.whl", hash = "sha256:2dafd98d4e02b844ceb0b61450a660681076b1ea6c7adb8c566dfd66832aafad", size = 1592172, upload-time = "2025-02-15T04:02:53.937Z" },
    { url = "https://files.pythonhosted.org/packages/64/41/4fbde2c3d29e25ee7c41d87df2f2e5eda65b431ee154d4d462c31041846c/lightgbm-4.6.0-py3-none-manylinux2014_aarch64.whl", hash = "sha256:4d68712bbd2b57a0b14390cbf9376c1d5ed773fa2e71e099cac588703b590336", size = 3454567, upload-time = "2025-02-15T04:02:56.443Z" },
    { url = "https://files.pythonhosted.org/packages/42/86/dabda8fbcb1b00bcfb0003c3776e8ade1aa7b413dff0a2c08f457dace22f/lightgbm-4.6.0-py3-none-manylinux_2_28_x86_64.whl", hash = "sha256:cb19b5afea55b5b61cbb2131095f50538bd608a00655f23ad5d25ae3e3bf1c8d", size = 3569831, upload-time = "2025-02-15T04:02:58.925Z" },
    { url = "https://files.pythonhosted.org/packages/5e/23/f8b28ca248bb629b9e08f877dd2965d1994e1674a03d67cd10c5246da248/lightgbm-4.6.0-py3-none-win_amd64.whl", hash = "sha256:37089ee95664b6550a7189d887dbf098e3eadab03537e411f52c63c121e3ba4b", size = 1451509, upload-time = "2025-02-15T04:03:01.515Z" },
]

[[package]]
name = "m2cgen"
version = "0.10.0"
source = { registry = "https://pypi.org/simple" }
dependencies = [
    { name = "numpy" },
]
sdist = { url = "https://files.pythonhosted.org/packages/72/92/eb4176f0e71bcd988a9df54e7103987a232082e5b6ef14a12d56b1c3bddf/m2cgen-0.10.0.tar.gz", hash = "sha256:9adfc5c6e693b1bb2e757c379e14ff97c95d1a11f9f6536882ebd7e402d34aa8", size = 55796, upload-time = "2022-04-26T01:24:36.626Z" }
wheels = [
    { url = "https://files.pythonhosted.org/packages/0b/1f/d57169a8458481e0292b672f8939688b269109d5d559bb0fd1ef3276cd91/m2cgen-0.10.0-py3-none-any.whl", hash = "sha256:b9f3e85133e905a306b507139ea40e595eccf499a7f4842889773caea7b74beb", size = 92239, upload-time = "2022-04-26T01:24:34.936Z" },
]

[[package]]
name = "numpy"
version = "2.4.3"
source = { registry = "https://pypi.org/simple" }
sdist = { url = "https://files.pythonhosted.org/packages/10/8b/c265f4823726ab832de836cdd184d0986dcf94480f81e8739692a7ac7af2/numpy-2.4.3.tar.gz", hash = "sha256:483a201202b73495f00dbc83796c6ae63137a9bdade074f7648b3e32613412dd", size = 20727743, upload-time = "2026-03-09T07:58:53.426Z" }
wheels = [
    { url = "https://files.pythonhosted.org/packages/f9/51/5093a2df15c4dc19da3f79d1021e891f5dcf1d9d1db6ba38891d5590f3fe/numpy-2.4.3-cp311-cp311-macosx_10_9_x86_64.whl", hash = "sha256:33b3bf58ee84b172c067f56aeadc7ee9ab6de69c5e800ab5b10295d54c581adb", size = 16957183, upload-time = "2026-03-09T07:55:57.774Z" },
    { url = "https://files.pythonhosted.org/packages/b5/7c/c061f3de0630941073d2598dc271ac2f6cbcf5c83c74a5870fea07488333/numpy-2.4.3-cp311-cp311-macosx_11_0_arm64.whl", hash = "sha256:8ba7b51e71c05aa1f9bc3641463cd82308eab40ce0d5c7e1fd4038cbf9938147", size = 14968734, upload-time = "2026-03-09T07:56:00.494Z" },
    { url = "https://files.pythonhosted.org/packages/ef/27/d26c85cbcd86b26e4f125b0668e7a7c0542d19dd7d23ee12e87b550e95b5/numpy-2.4.3-cp311-cp311-macosx_14_0_arm64.whl", hash = "sha256:a1988292870c7cb9d0ebb4cc96b4d447513a9644801de54606dc7aabf2b7d920", size = 5475288, upload-time = "2026-03-09T07:56:02.857Z" },
    { url = "https://files.pythonhosted.org/packages/2b/09/3c4abbc1dcd8010bf1a611d174c7aa689fc505585ec806111b4406f6f1b1/numpy-2.4.3-cp311-cp311-macosx_14_0_x86_64.whl", hash = "sha256:23b46bb6d8ecb68b58c09944483c135ae5f0e9b8d8858ece5e4ead783771d2a9", size = 6805253, upload-time = "2026-03-09T07:56:04.53Z" },
    { url = "https://files.pythonhosted.org/packages/21/bc/e7aa3f6817e40c3f517d407742337cbb8e6fc4b83ce0b55ab780c829243b/numpy-2.4.3-cp311-cp311-manylinux_2_27_aarch64.manylinux_2_28_aarch64.whl", hash = "sha256:a016db5c5dba78fa8fe9f5d80d6708f9c42ab087a739803c0ac83a43d686a470", size = 15969479, upload-time = "2026-03-09T07:56:06.638Z" },
    { url = "https://files.pythonhosted.org/packages/78/51/9f5d7a41f0b51649ddf2f2320595e15e122a40610b233d51928dd6c92353/numpy-2.4.3-cp311-cp311-manylinux_2_27_x86_64.manylinux_2_28_x86_64.whl", hash = "sha256:715de7f82e192e8cae5a507a347d97ad17598f8e026152ca97233e3666daaa71", size = 16901035, upload-time = "2026-03-09T07:56:09.405Z" },
    { url = "https://files.pythonhosted.org/packages/64/6e/b221dd847d7181bc5ee4857bfb026182ef69499f9305eb1371cbb1aea626/numpy-2.4.3-cp311-cp311-musllinux_1_2_aarch64.whl", hash = "sha256:2ddb7919366ee468342b91dea2352824c25b55814a987847b6c52003a7c97f15", size = 17325657, upload-time = "2026-03-09T07:56:12.067Z" },
    { url = "https://files.pythonhosted.org/packages/eb/b8/8f3fd2da596e1063964b758b5e3c970aed1949a05200d7e3d46a9d46d643/numpy-2.4.3-cp311-cp311-musllinux_1_2_x86_64.whl", hash = "sha256:a315e5234d88067f2d97e1f2ef670a7569df445d55400f1e33d117418d008d52", size = 18635512, upload-time = "2026-03-09T07:56:14.629Z" },
    { url = "https://files.pythonhosted.org/packages/5c/24/2993b775c37e39d2f8ab4125b44337ab0b2ba106c100980b7c274a22bee7/numpy-2.4.3-cp311-cp311-win32.whl", hash = "sha256:2b3f8d2c4589b1a2028d2a770b0fc4d1f332fb5e01521f4de3199a896d158ddd", size = 6238100, upload-time = "2026-03-09T07:56:17.243Z" },
    { url = "https://files.pythonhosted.org/packages/76/1d/edccf27adedb754db7c4511d5eac8b83f004ae948fe2d3509e8b78097d4c/numpy-2.4.3-cp311-cp311-win_amd64.whl", hash = "sha256:77e76d932c49a75617c6d13464e41203cd410956614d0a0e999b25e9e8d27eec", size = 12609816, upload-time = "2026-03-09T07:56:19.089Z" },
    { url = "https://files.pythonhosted.org/packages/92/82/190b99153480076c8dce85f4cfe7d53ea84444145ffa54cb58dcd460d66b/numpy-2.4.3-cp311-cp311-win_arm64.whl", hash = "sha256:eb610595dd91560905c132c709412b512135a60f1851ccbd2c959e136431ff67", size = 10485757, upload-time = "2026-03-09T07:56:21.753Z" },
    { url = "https://files.pythonhosted.org/packages/64/e4/4dab9fb43c83719c29241c535d9e07be73bea4bc0c6686c5816d8e1b6689/numpy-2.4.3-pp311-pypy311_pp73-macosx_10_15_x86_64.whl", hash = "sha256:c6b124bfcafb9e8d3ed09130dbee44848c20b3e758b6bbf006e641778927c028", size = 16834892, upload-time = "2026-03-09T07:58:35.334Z" },
    { url = "https://files.pythonhosted.org/packages/c9/29/f8b6d4af90fed3dfda84ebc0df06c9833d38880c79ce954e5b661758aa31/numpy-2.4.3-pp311-pypy311_pp73-macosx_11_0_arm64.whl", hash = "sha256:76dbb9d4e43c16cf9aa711fcd8de1e2eeb27539dcefb60a1d5e9f12fae1d1ed8", size = 14893070, upload-time = "2026-03-09T07:58:37.7Z" },
    { url = "https://files.pythonhosted.org/packages/9a/04/a19b3c91dbec0a49269407f15d5753673a09832daed40c45e8150e6fa558/numpy-2.4.3-pp311-pypy311_pp73-macosx_14_0_arm64.whl", hash = "sha256:29363fbfa6f8ee855d7569c96ce524845e3d726d6c19b29eceec7dd555dab152", size = 5399609, upload-time = "2026-03-09T07:58:39.853Z" },
    { url = "https://files.pythonhosted.org/packages/79/34/4d73603f5420eab89ea8a67097b31364bf7c30f811d4dd84b1659c7476d9/numpy-2.4.3-pp311-pypy311_pp73-macosx_14_0_x86_64.whl", hash = "sha256:bc71942c789ef415a37f0d4eab90341425a00d538cd0642445d30b41023d3395", size = 6714355, upload-time = "2026-03-09T07:58:42.365Z" },
    { url = "https://files.pythonhosted.org/packages/58/ad/1100d7229bb248394939a12a8074d485b655e8ed44207d328fdd7fcebc7b/numpy-2.4.3-pp311-pypy311_pp73-manylinux_2_27_aarch64.manylinux_2_28_aarch64.whl", hash = "sha256:7e58765ad74dcebd3ef0208a5078fba32dc8ec3578fe84a604432950cd043d79", size = 15800434, upload-time = "2026-03-09T07:58:44.837Z" },
    { url = "https://files.pythonhosted.org/packages/0c/fd/16d710c085d28ba4feaf29ac60c936c9d662e390344f94a6beaa2ac9899b/numpy-2.4.3-pp311-pypy311_pp73-manylinux_2_27_x86_64.manylinux_2_28_x86_64.whl", hash = "sha256:8e236dbda4e1d319d681afcbb136c0c4a8e0f1a5c58ceec2adebb547357fe857", size = 16729409, upload-time = "2026-03-09T07:58:47.972Z" },
    { url = "https://files.pythonhosted.org/packages/57/a7/b35835e278c18b85206834b3aa3abe68e77a98769c59233d1f6300284781/numpy-2.4.3-pp311-pypy311_pp73-win_amd64.whl", hash = "sha256:4b42639cdde6d24e732ff823a3fa5b701d8acad89c4142bc1d0bd6dc85200ba5", size = 12504685, upload-time = "2026-03-09T07:58:50.525Z" },
]

[[package]]
name = "pandas"
version = "3.0.1"
source = { registry = "https://pypi.org/simple" }
dependencies = [
    { name = "numpy" },
    { name = "python-dateutil" },
    { name = "tzdata", marker = "sys_platform == 'emscripten' or sys_platform == 'win32'" },
]
sdist = { url = "https://files.pythonhosted.org/packages/2e/0c/b28ed414f080ee0ad153f848586d61d1878f91689950f037f976ce15f6c8/pandas-3.0.1.tar.gz", hash = "sha256:4186a699674af418f655dbd420ed87f50d56b4cd6603784279d9eef6627823c8", size = 4641901, upload-time = "2026-02-17T22:20:16.434Z" }
wheels = [
    { url = "https://files.pythonhosted.org/packages/ff/07/c7087e003ceee9b9a82539b40414ec557aa795b584a1a346e89180853d79/pandas-3.0.1-cp311-cp311-macosx_10_9_x86_64.whl", hash = "sha256:de09668c1bf3b925c07e5762291602f0d789eca1b3a781f99c1c78f6cac0e7ea", size = 10323380, upload-time = "2026-02-17T22:18:16.133Z" },
    { url = "https://files.pythonhosted.org/packages/c1/27/90683c7122febeefe84a56f2cde86a9f05f68d53885cebcc473298dfc33e/pandas-3.0.1-cp311-cp311-macosx_11_0_arm64.whl", hash = "sha256:24ba315ba3d6e5806063ac6eb717504e499ce30bd8c236d8693a5fd3f084c796", size = 9923455, upload-time = "2026-02-17T22:18:19.13Z" },
    { url = "https://files.pythonhosted.org/packages/0e/f1/ed17d927f9950643bc7631aa4c99ff0cc83a37864470bc419345b656a41f/pandas-3.0.1-cp311-cp311-manylinux_2_24_aarch64.manylinux_2_28_aarch64.whl", hash = "sha256:406ce835c55bac912f2a0dcfaf27c06d73c6b04a5dde45f1fd3169ce31337389", size = 10753464, upload-time = "2026-02-17T22:18:21.134Z" },
    { url = "https://files.pythonhosted.org/packages/2e/7c/870c7e7daec2a6c7ff2ac9e33b23317230d4e4e954b35112759ea4a924a7/pandas-3.0.1-cp311-cp311-manylinux_2_24_x86_64.manylinux_2_28_x86_64.whl", hash = "sha256:830994d7e1f31dd7e790045235605ab61cff6c94defc774547e8b7fdfbff3dc7", size = 11255234, upload-time = "2026-02-17T22:18:24.175Z" },
    { url = "https://files.pythonhosted.org/packages/5c/39/3653fe59af68606282b989c23d1a543ceba6e8099cbcc5f1d506a7bae2aa/pandas-3.0.1-cp311-cp311-musllinux_1_2_aarch64.whl", hash = "sha256:a64ce8b0f2de1d2efd2ae40b0abe7f8ae6b29fbfb3812098ed5a6f8e235ad9bf", size = 11767299, upload-time = "2026-02-17T22:18:26.824Z" },
    { url = "https://files.pythonhosted.org/packages/9b/31/1daf3c0c94a849c7a8dab8a69697b36d313b229918002ba3e409265c7888/pandas-3.0.1-cp311-cp311-musllinux_1_2_x86_64.whl", hash = "sha256:9832c2c69da24b602c32e0c7b1b508a03949c18ba08d4d9f1c1033426685b447", size = 12333292, upload-time = "2026-02-17T22:18:28.996Z" },
    { url = "https://files.pythonhosted.org/packages/1f/67/af63f83cd6ca603a00fe8530c10a60f0879265b8be00b5930e8e78c5b30b/pandas-3.0.1-cp311-cp311-win_amd64.whl", hash = "sha256:84f0904a69e7365f79a0c77d3cdfccbfb05bf87847e3a51a41e1426b0edb9c79", size = 9892176, upload-time = "2026-02-17T22:18:31.79Z" },
    { url = "https://files.pythonhosted.org/packages/79/ab/9c776b14ac4b7b4140788eca18468ea39894bc7340a408f1d1e379856a6b/pandas-3.0.1-cp311-cp311-win_arm64.whl", hash = "sha256:4a68773d5a778afb31d12e34f7dd4612ab90de8c6fb1d8ffe5d4a03b955082a1", size = 9151328, upload-time = "2026-02-17T22:18:35.721Z" },
]

[[package]]
name = "python-dateutil"
version = "2.9.0.post0"
source = { registry = "https://pypi.org/simple" }
dependencies = [
    { name = "six" },
]
sdist = { url = "https://files.pythonhosted.org/packages/66/c0/0c8b6ad9f17a802ee498c46e004a0eb49bc148f2fd230864601a86dcf6db/python-dateutil-2.9.0.post0.tar.gz", hash = "sha256:37dd54208da7e1cd875388217d5e00ebd4179249f90fb72437e91a35459a0ad3", size = 342432, upload-time = "2024-03-01T18:36:20.211Z" }
wheels = [
    { url = "https://files.pythonhosted.org/packages/ec/57/56b9bcc3c9c6a792fcbaf139543cee77261f3651ca9da0c93f5c1221264b/python_dateutil-2.9.0.post0-py2.py3-none-any.whl", hash = "sha256:a8b2bc7bffae282281c8140a97d3aa9c14da0b136dfe83f850eea9a5f7470427", size = 229892, upload-time = "2024-03-01T18:36:18.57Z" },
]

[[package]]
name = "scikit-learn"
version = "1.8.0"
source = { registry = "https://pypi.org/simple" }
dependencies = [
    { name = "joblib" },
    { name = "numpy" },
    { name = "scipy" },
    { name = "threadpoolctl" },
]
sdist = { url = "https://files.pythonhosted.org/packages/0e/d4/40988bf3b8e34feec1d0e6a051446b1f66225f8529b9309becaeef62b6c4/scikit_learn-1.8.0.tar.gz", hash = "sha256:9bccbb3b40e3de10351f8f5068e105d0f4083b1a65fa07b6634fbc401a6287fd", size = 7335585, upload-time = "2025-12-10T07:08:53.618Z" }
wheels = [
    { url = "https://files.pythonhosted.org/packages/c9/92/53ea2181da8ac6bf27170191028aee7251f8f841f8d3edbfdcaf2008fde9/scikit_learn-1.8.0-cp311-cp311-macosx_10_9_x86_64.whl", hash = "sha256:146b4d36f800c013d267b29168813f7a03a43ecd2895d04861f1240b564421da", size = 8595835, upload-time = "2025-12-10T07:07:39.385Z" },
    { url = "https://files.pythonhosted.org/packages/01/18/d154dc1638803adf987910cdd07097d9c526663a55666a97c124d09fb96a/scikit_learn-1.8.0-cp311-cp311-macosx_12_0_arm64.whl", hash = "sha256:f984ca4b14914e6b4094c5d52a32ea16b49832c03bd17a110f004db3c223e8e1", size = 8080381, upload-time = "2025-12-10T07:07:41.93Z" },
    { url = "https://files.pythonhosted.org/packages/8a/44/226142fcb7b7101e64fdee5f49dbe6288d4c7af8abf593237b70fca080a4/scikit_learn-1.8.0-cp311-cp311-manylinux_2_27_aarch64.manylinux_2_28_aarch64.whl", hash = "sha256:5e30adb87f0cc81c7690a84f7932dd66be5bac57cfe16b91cb9151683a4a2d3b", size = 8799632, upload-time = "2025-12-10T07:07:43.899Z" },
    { url = "https://files.pythonhosted.org/packages/36/4d/4a67f30778a45d542bbea5db2dbfa1e9e100bf9ba64aefe34215ba9f11f6/scikit_learn-1.8.0-cp311-cp311-manylinux_2_27_x86_64.manylinux_2_28_x86_64.whl", hash = "sha256:ada8121bcb4dac28d930febc791a69f7cb1673c8495e5eee274190b73a4559c1", size = 9103788, upload-time = "2025-12-10T07:07:45.982Z" },
    { url = "https://files.pythonhosted.org/packages/89/3c/45c352094cfa60050bcbb967b1faf246b22e93cb459f2f907b600f2ceda5/scikit_learn-1.8.0-cp311-cp311-win_amd64.whl", hash = "sha256:c57b1b610bd1f40ba43970e11ce62821c2e6569e4d74023db19c6b26f246cb3b", size = 8081706, upload-time = "2025-12-10T07:07:48.111Z" },
    { url = "https://files.pythonhosted.org/packages/3d/46/5416595bb395757f754feb20c3d776553a386b661658fb21b7c814e89efe/scikit_learn-1.8.0-cp311-cp311-win_arm64.whl", hash = "sha256:2838551e011a64e3053ad7618dda9310175f7515f1742fa2d756f7c874c05961", size = 7688451, upload-time = "2025-12-10T07:07:49.873Z" },
]

[[package]]
name = "scipy"
version = "1.17.1"
source = { registry = "https://pypi.org/simple" }
dependencies = [
    { name = "numpy" },
]
sdist = { url = "https://files.pythonhosted.org/packages/7a/97/5a3609c4f8d58b039179648e62dd220f89864f56f7357f5d4f45c29eb2cc/scipy-1.17.1.tar.gz", hash = "sha256:95d8e012d8cb8816c226aef832200b1d45109ed4464303e997c5b13122b297c0", size = 30573822, upload-time = "2026-02-23T00:26:24.851Z" }
wheels = [
    { url = "https://files.pythonhosted.org/packages/df/75/b4ce781849931fef6fd529afa6b63711d5a733065722d0c3e2724af9e40a/scipy-1.17.1-cp311-cp311-macosx_10_14_x86_64.whl", hash = "sha256:1f95b894f13729334fb990162e911c9e5dc1ab390c58aa6cbecb389c5b5e28ec", size = 31613675, upload-time = "2026-02-23T00:16:00.13Z" },
    { url = "https://files.pythonhosted.org/packages/f7/58/bccc2861b305abdd1b8663d6130c0b3d7cc22e8d86663edbc8401bfd40d4/scipy-1.17.1-cp311-cp311-macosx_12_0_arm64.whl", hash = "sha256:e18f12c6b0bc5a592ed23d3f7b891f68fd7f8241d69b7883769eb5d5dfb52696", size = 28162057, upload-time = "2026-02-23T00:16:09.456Z" },
    { url = "https://files.pythonhosted.org/packages/6d/ee/18146b7757ed4976276b9c9819108adbc73c5aad636e5353e20746b73069/scipy-1.17.1-cp311-cp311-macosx_14_0_arm64.whl", hash = "sha256:a3472cfbca0a54177d0faa68f697d8ba4c80bbdc19908c3465556d9f7efce9ee", size = 20334032, upload-time = "2026-02-23T00:16:17.358Z" },
    { url = "https://files.pythonhosted.org/packages/ec/e6/cef1cf3557f0c54954198554a10016b6a03b2ec9e22a4e1df734936bd99c/scipy-1.17.1-cp311-cp311-macosx_14_0_x86_64.whl", hash = "sha256:766e0dc5a616d026a3a1cffa379af959671729083882f50307e18175797b3dfd", size = 22709533, upload-time = "2026-02-23T00:16:25.791Z" },
    { url = "https://files.pythonhosted.org/packages/4d/60/8804678875fc59362b0fb759ab3ecce1f09c10a735680318ac30da8cd76b/scipy-1.17.1-cp311-cp311-manylinux_2_27_aarch64.manylinux_2_28_aarch64.whl", hash = "sha256:744b2bf3640d907b79f3fd7874efe432d1cf171ee721243e350f55234b4cec4c", size = 33062057, upload-time = "2026-02-23T00:16:36.931Z" },
    { url = "https://files.pythonhosted.org/packages/09/7d/af933f0f6e0767995b4e2d705a0665e454d1c19402aa7e895de3951ebb04/scipy-1.17.1-cp311-cp311-manylinux_2_27_x86_64.manylinux_2_28_x86_64.whl", hash = "sha256:43af8d1f3bea642559019edfe64e9b11192a8978efbd1539d7bc2aaa23d92de4", size = 35349300, upload-time = "2026-02-23T00:16:49.108Z" },
    { url = "https://files.pythonhosted.org/packages/b4/3d/7ccbbdcbb54c8fdc20d3b6930137c782a163fa626f0aef920349873421ba/scipy-1.17.1-cp311-cp311-musllinux_1_2_aarch64.whl", hash = "sha256:cd96a1898c0a47be4520327e01f874acfd61fb48a9420f8aa9f6483412ffa444", size = 35127333, upload-time = "2026-02-23T00:17:01.293Z" },
    { url = "https://files.pythonhosted.org/packages/e8/19/f926cb11c42b15ba08e3a71e376d816ac08614f769b4f47e06c3580c836a/scipy-1.17.1-cp311-cp311-musllinux_1_2_x86_64.whl", hash = "sha256:4eb6c25dd62ee8d5edf68a8e1c171dd71c292fdae95d8aeb3dd7d7de4c364082", size = 37741314, upload-time = "2026-02-23T00:17:12.576Z" },
    { url = "https://files.pythonhosted.org/packages/95/da/0d1df507cf574b3f224ccc3d45244c9a1d732c81dcb26b1e8a766ae271a8/scipy-1.17.1-cp311-cp311-win_amd64.whl", hash = "sha256:d30e57c72013c2a4fe441c2fcb8e77b14e152ad48b5464858e07e2ad9fbfceff", size = 36607512, upload-time = "2026-02-23T00:17:23.424Z" },
    { url = "https://files.pythonhosted.org/packages/68/7f/bdd79ceaad24b671543ffe0ef61ed8e659440eb683b66f033454dcee90eb/scipy-1.17.1-cp311-cp311-win_arm64.whl", hash = "sha256:9ecb4efb1cd6e8c4afea0daa91a87fbddbce1b99d2895d151596716c0b2e859d", size = 24599248, upload-time = "2026-02-23T00:17:34.561Z" },
]

[[package]]
name = "six"
version = "1.17.0"
source = { registry = "https://pypi.org/simple" }
sdist = { url = "https://files.pythonhosted.org/packages/94/e7/b2c673351809dca68a0e064b6af791aa332cf192da575fd474ed7d6f16a2/six-1.17.0.tar.gz", hash = "sha256:ff70335d468e7eb6ec65b95b99d3a2836546063f63acc5171de367e834932a81", size = 34031, upload-time = "2024-12-04T17:35:28.174Z" }
wheels = [
    { url = "https://files.pythonhosted.org/packages/b7/ce/149a00dd41f10bc29e5921b496af8b574d8413afcd5e30dfa0ed46c2cc5e/six-1.17.0-py2.py3-none-any.whl", hash = "sha256:4721f391ed90541fddacab5acf947aa0d3dc7d27b2e1e8eda2be8970586c3274", size = 11050, upload-time = "2024-12-04T17:35:26.475Z" },
]

[[package]]
name = "threadpoolctl"
version = "3.6.0"
source = { registry = "https://pypi.org/simple" }
sdist = { url = "https://files.pythonhosted.org/packages/b7/4d/08c89e34946fce2aec4fbb45c9016efd5f4d7f24af8e5d93296e935631d8/threadpoolctl-3.6.0.tar.gz", hash = "sha256:8ab8b4aa3491d812b623328249fab5302a68d2d71745c8a4c719a2fcaba9f44e", size = 21274, upload-time = "2025-03-13T13:49:23.031Z" }
wheels = [
    { url = "https://files.pythonhosted.org/packages/32/d5/f9a850d79b0851d1d4ef6456097579a9005b31fea68726a4ae5f2d82ddd9/threadpoolctl-3.6.0-py3-none-any.whl", hash = "sha256:43a0b8fd5a2928500110039e43a5eed8480b918967083ea48dc3ab9f13c4a7fb", size = 18638, upload-time = "2025-03-13T13:49:21.846Z" },
]

[[package]]
name = "tzdata"
version = "2025.3"
source = { registry = "https://pypi.org/simple" }
sdist = { url = "https://files.pythonhosted.org/packages/5e/a7/c202b344c5ca7daf398f3b8a477eeb205cf3b6f32e7ec3a6bac0629ca975/tzdata-2025.3.tar.gz", hash = "sha256:de39c2ca5dc7b0344f2eba86f49d614019d29f060fc4ebc8a417896a620b56a7", size = 196772, upload-time = "2025-12-13T17:45:35.667Z" }
wheels = [
    { url = "https://files.pythonhosted.org/packages/c7/b0/003792df09decd6849a5e39c28b513c06e84436a54440380862b5aeff25d/tzdata-2025.3-py2.py3-none-any.whl", hash = "sha256:06a47e5700f3081aab02b2e513160914ff0694bce9947d6b76ebd6bf57cfc5d1", size = 348521, upload-time = "2025-12-13T17:45:33.889Z" },
]
